
Microsoft Visual Studio Solution File, Format Version 12.00
# Visual Studio 2012
Project("{FAE04EC0-301F-11D3-BF4B-00C04F79EFBC}") = "MovieExplorer.Core", "MovieExplorer.Core\MovieExplorer.Core.csproj", "{3E4F9EE0-DE83-42F5-8A27-4D715E1F0EB7}"
EndProject
Project("{FAE04EC0-301F-11D3-BF4B-00C04F79EFBC}") = "MovieExplorer.iOS", "MovieExplorer.iOS\MovieExplorer.iOS.csproj", "{390ED585-7882-4846-B7C6-EE584C332063}"
EndProject
Project("{FAE04EC0-301F-11D3-BF4B-00C04F79EFBC}") = "MovieExplorer.iOS.UITests", "MovieExplorer.iOS.UITests\MovieExplorer.iOS.UITests.csproj", "{AA511851-04C3-4447-99BC-3776B267EA24}"
EndProject
Project("{FAE04EC0-301F-11D3-BF4B-00C04F79EFBC}") = "MovieExplorer.Core.UnitTests", "MovieExplorer.Core.UnitTests\MovieExplorer.Core.UnitTests.csproj", "{B27B9315-F9AD-45CB-8F55-21E3657E9AC1}"
EndProject
Project("{FAE04EC0-301F-11D3-BF4B-00C04F79EFBC}") = "MovieExplorer.iOS.UnitTests", "MovieExplorer.iOS.UnitTests\MovieExplorer.iOS.UnitTests.csproj", "{B174FA26-C9B4-4EC1-A008-64077B4C6702}"
EndProject
Global
	GlobalSection(SolutionConfigurationPlatforms) = preSolution
		Debug|x86 = Debug|x86
		Release|x86 = Release|x86
		Debug|iPhoneSimulator = Debug|iPhoneSimulator
		Release|iPhone = Release|iPhone
		Release|iPhoneSimulator = Release|iPhoneSimulator
		Debug|iPhone = Debug|iPhone
	EndGlobalSection
	GlobalSection(ProjectConfigurationPlatforms) = postSolution
		{3E4F9EE0-DE83-42F5-8A27-4D715E1F0EB7}.Debug|x86.ActiveCfg = Debug|Any CPU
		{3E4F9EE0-DE83-42F5-8A27-4D715E1F0EB7}.Debug|x86.Build.0 = Debug|Any CPU
		{3E4F9EE0-DE83-42F5-8A27-4D715E1F0EB7}.Release|x86.ActiveCfg = Release|Any CPU
		{3E4F9EE0-DE83-42F5-8A27-4D715E1F0EB7}.Release|x86.Build.0 = Release|Any CPU
		{3E4F9EE0-DE83-42F5-8A27-4D715E1F0EB7}.Debug|iPhoneSimulator.ActiveCfg = Debug|Any CPU
		{3E4F9EE0-DE83-42F5-8A27-4D715E1F0EB7}.Debug|iPhoneSimulator.Build.0 = Debug|Any CPU
		{3E4F9EE0-DE83-42F5-8A27-4D715E1F0EB7}.Release|iPhone.ActiveCfg = Release|Any CPU
		{3E4F9EE0-DE83-42F5-8A27-4D715E1F0EB7}.Release|iPhone.Build.0 = Release|Any CPU
		{3E4F9EE0-DE83-42F5-8A27-4D715E1F0EB7}.Release|iPhoneSimulator.ActiveCfg = Release|Any CPU
		{3E4F9EE0-DE83-42F5-8A27-4D715E1F0EB7}.Release|iPhoneSimulator.Build.0 = Release|Any CPU
		{3E4F9EE0-DE83-42F5-8A27-4D715E1F0EB7}.Debug|iPhone.ActiveCfg = Debug|Any CPU
		{3E4F9EE0-DE83-42F5-8A27-4D715E1F0EB7}.Debug|iPhone.Build.0 = Debug|Any CPU
		{390ED585-7882-4846-B7C6-EE584C332063}.Debug|x86.ActiveCfg = Debug|iPhoneSimulator
		{390ED585-7882-4846-B7C6-EE584C332063}.Debug|x86.Build.0 = Debug|iPhoneSimulator
		{390ED585-7882-4846-B7C6-EE584C332063}.Release|x86.ActiveCfg = Release|iPhone
		{390ED585-7882-4846-B7C6-EE584C332063}.Release|x86.Build.0 = Release|iPhone
		{390ED585-7882-4846-B7C6-EE584C332063}.Debug|iPhoneSimulator.ActiveCfg = Debug|iPhoneSimulator
		{390ED585-7882-4846-B7C6-EE584C332063}.Debug|iPhoneSimulator.Build.0 = Debug|iPhoneSimulator
		{390ED585-7882-4846-B7C6-EE584C332063}.Release|iPhone.ActiveCfg = Release|iPhone
		{390ED585-7882-4846-B7C6-EE584C332063}.Release|iPhone.Build.0 = Release|iPhone
		{390ED585-7882-4846-B7C6-EE584C332063}.Release|iPhoneSimulator.ActiveCfg = Release|iPhoneSimulator
		{390ED585-7882-4846-B7C6-EE584C332063}.Release|iPhoneSimulator.Build.0 = Release|iPhoneSimulator
		{390ED585-7882-4846-B7C6-EE584C332063}.Debug|iPhone.ActiveCfg = Debug|iPhone
		{390ED585-7882-4846-B7C6-EE584C332063}.Debug|iPhone.Build.0 = Debug|iPhone
		{AA511851-04C3-4447-99BC-3776B267EA24}.Debug|x86.ActiveCfg = Debug|Any CPU
		{AA511851-04C3-4447-99BC-3776B267EA24}.Debug|x86.Build.0 = Debug|Any CPU
		{AA511851-04C3-4447-99BC-3776B267EA24}.Release|x86.ActiveCfg = Release|Any CPU
		{AA511851-04C3-4447-99BC-3776B267EA24}.Release|x86.Build.0 = Release|Any CPU
		{AA511851-04C3-4447-99BC-3776B267EA24}.Debug|iPhoneSimulator.ActiveCfg = Debug|Any CPU
		{AA511851-04C3-4447-99BC-3776B267EA24}.Debug|iPhoneSimulator.Build.0 = Debug|Any CPU
		{AA511851-04C3-4447-99BC-3776B267EA24}.Release|iPhone.ActiveCfg = Release|Any CPU
		{AA511851-04C3-4447-99BC-3776B267EA24}.Release|iPhone.Build.0 = Release|Any CPU
		{AA511851-04C3-4447-99BC-3776B267EA24}.Release|iPhoneSimulator.ActiveCfg = Release|Any CPU
		{AA511851-04C3-4447-99BC-3776B267EA24}.Release|iPhoneSimulator.Build.0 = Release|Any CPU
		{AA511851-04C3-4447-99BC-3776B267EA24}.Debug|iPhone.ActiveCfg = Debug|Any CPU
		{AA511851-04C3-4447-99BC-3776B267EA24}.Debug|iPhone.Build.0 = Debug|Any CPU
		{B27B9315-F9AD-45CB-8F55-21E3657E9AC1}.Debug|x86.ActiveCfg = Debug|Any CPU
		{B27B9315-F9AD-45CB-8F55-21E3657E9AC1}.Debug|x86.Build.0 = Debug|Any CPU
		{B27B9315-F9AD-45CB-8F55-21E3657E9AC1}.Release|x86.ActiveCfg = Release|Any CPU
		{B27B9315-F9AD-45CB-8F55-21E3657E9AC1}.Release|x86.Build.0 = Release|Any CPU
		{B27B9315-F9AD-45CB-8F55-21E3657E9AC1}.Debug|iPhoneSimulator.ActiveCfg = Debug|Any CPU
		{B27B9315-F9AD-45CB-8F55-21E3657E9AC1}.Debug|iPhoneSimulator.Build.0 = Debug|Any CPU
		{B27B9315-F9AD-45CB-8F55-21E3657E9AC1}.Release|iPhone.ActiveCfg = Release|Any CPU
		{B27B9315-F9AD-45CB-8F55-21E3657E9AC1}.Release|iPhone.Build.0 = Release|Any CPU
		{B27B9315-F9AD-45CB-8F55-21E3657E9AC1}.Release|iPhoneSimulator.ActiveCfg = Release|Any CPU
		{B27B9315-F9AD-45CB-8F55-21E3657E9AC1}.Release|iPhoneSimulator.Build.0 = Release|Any CPU
		{B27B9315-F9AD-45CB-8F55-21E3657E9AC1}.Debug|iPhone.ActiveCfg = Debug|Any CPU
		{B27B9315-F9AD-45CB-8F55-21E3657E9AC1}.Debug|iPhone.Build.0 = Debug|Any CPU
		{B174FA26-C9B4-4EC1-A008-64077B4C6702}.Debug|x86.ActiveCfg = Debug|Any CPU
		{B174FA26-C9B4-4EC1-A008-64077B4C6702}.Debug|x86.Build.0 = Debug|Any CPU
		{B174FA26-C9B4-4EC1-A008-64077B4C6702}.Release|x86.ActiveCfg = Release|Any CPU
		{B174FA26-C9B4-4EC1-A008-64077B4C6702}.Release|x86.Build.0 = Release|Any CPU
		{B174FA26-C9B4-4EC1-A008-64077B4C6702}.Debug|iPhoneSimulator.ActiveCfg = Debug|Any CPU
		{B174FA26-C9B4-4EC1-A008-64077B4C6702}.Debug|iPhoneSimulator.Build.0 = Debug|Any CPU
		{B174FA26-C9B4-4EC1-A008-64077B4C6702}.Release|iPhone.ActiveCfg = Release|Any CPU
		{B174FA26-C9B4-4EC1-A008-64077B4C6702}.Release|iPhone.Build.0 = Release|Any CPU
		{B174FA26-C9B4-4EC1-A008-64077B4C6702}.Release|iPhoneSimulator.ActiveCfg = Release|Any CPU
		{B174FA26-C9B4-4EC1-A008-64077B4C6702}.Release|iPhoneSimulator.Build.0 = Release|Any CPU
		{B174FA26-C9B4-4EC1-A008-64077B4C6702}.Debug|iPhone.ActiveCfg = Debug|Any CPU
		{B174FA26-C9B4-4EC1-A008-64077B4C6702}.Debug|iPhone.Build.0 = Debug|Any CPU
	EndGlobalSection
EndGlobal
